
Microsoft Visual Studio Solution File, Format Version 12.00
# Visual Studio Version 16
VisualStudioVersion = 16.0.29306.81
MinimumVisualStudioVersion = 10.0.40219.1
Project("{FAE04EC0-301F-11D3-BF4B-00C04F79EFBC}") = "MyDesign", "MyDesign\MyDesign.csproj", "{3ED2AE93-A4A6-4547-996F-C5F7BA92F60D}"
EndProject
Global
	GlobalSection(SolutionConfigurationPlatforms) = preSolution
		Debug|Any CPU = Debug|Any CPU
		Release|Any CPU = Release|Any CPU
	EndGlobalSection
	GlobalSection(ProjectConfigurationPlatforms) = postSolution
		{3ED2AE93-A4A6-4547-996F-C5F7BA92F60D}.Debug|Any CPU.ActiveCfg = Debug|Any CPU
		{3ED2AE93-A4A6-4547-996F-C5F7BA92F60D}.Debug|Any CPU.Build.0 = Debug|Any CPU
		{3ED2AE93-A4A6-4547-996F-C5F7BA92F60D}.Release|Any CPU.ActiveCfg = Release|Any CPU
		{3ED2AE93-A4A6-4547-996F-C5F7BA92F60D}.Release|Any CPU.Build.0 = Release|Any CPU
	EndGlobalSection
	GlobalSection(SolutionProperties) = preSolution
		HideSolutionNode = FALSE
	EndGlobalSection
	GlobalSection(ExtensibilityGlobals) = postSolution
		SolutionGuid = {AE0A52E8-3FFF-4861-88EA-D97846DDF079}
	EndGlobalSection
EndGlobal
