
Microsoft Visual Studio Solution File, Format Version 12.00
# Visual Studio 15
VisualStudioVersion = 15.0.28307.489
MinimumVisualStudioVersion = 10.0.40219.1
Project("{FAE04EC0-301F-11D3-BF4B-00C04F79EFBC}") = "Qiwi Desktop Manager Console", "Qiwi Desktop Manager Console.csproj", "{89D8394A-3BDA-4EDD-80F5-F41D945356A9}"
EndProject
Global
	GlobalSection(SolutionConfigurationPlatforms) = preSolution
		Debug|Any CPU = Debug|Any CPU
		Release|Any CPU = Release|Any CPU
	EndGlobalSection
	GlobalSection(ProjectConfigurationPlatforms) = postSolution
		{89D8394A-3BDA-4EDD-80F5-F41D945356A9}.Debug|Any CPU.ActiveCfg = Debug|Any CPU
		{89D8394A-3BDA-4EDD-80F5-F41D945356A9}.Debug|Any CPU.Build.0 = Debug|Any CPU
		{89D8394A-3BDA-4EDD-80F5-F41D945356A9}.Release|Any CPU.ActiveCfg = Release|Any CPU
		{89D8394A-3BDA-4EDD-80F5-F41D945356A9}.Release|Any CPU.Build.0 = Release|Any CPU
	EndGlobalSection
	GlobalSection(SolutionProperties) = preSolution
		HideSolutionNode = FALSE
	EndGlobalSection
	GlobalSection(ExtensibilityGlobals) = postSolution
		SolutionGuid = {EFB26F36-B72B-4A89-BBA1-1943705D893F}
	EndGlobalSection
EndGlobal
